
Microsoft Visual Studio Solution File, Format Version 12.00
# Visual Studio Version 17
VisualStudioVersion = 17.6.33829.357
MinimumVisualStudioVersion = 10.0.40219.1
Project("{FAE04EC0-301F-11D3-BF4B-00C04F79EFBC}") = "TabPage", "MDI\TabPage.csproj", "{53EFB3B8-A388-4AF7-B9AD-937FFD5B7DDF}"
EndProject
Global
	GlobalSection(SolutionConfigurationPlatforms) = preSolution
		Debug|Any CPU = Debug|Any CPU
		Release|Any CPU = Release|Any CPU
	EndGlobalSection
	GlobalSection(ProjectConfigurationPlatforms) = postSolution
		{53EFB3B8-A388-4AF7-B9AD-937FFD5B7DDF}.Debug|Any CPU.ActiveCfg = Debug|Any CPU
		{53EFB3B8-A388-4AF7-B9AD-937FFD5B7DDF}.Debug|Any CPU.Build.0 = Debug|Any CPU
		{53EFB3B8-A388-4AF7-B9AD-937FFD5B7DDF}.Release|Any CPU.ActiveCfg = Release|Any CPU
		{53EFB3B8-A388-4AF7-B9AD-937FFD5B7DDF}.Release|Any CPU.Build.0 = Release|Any CPU
	EndGlobalSection
	GlobalSection(SolutionProperties) = preSolution
		HideSolutionNode = FALSE
	EndGlobalSection
	GlobalSection(ExtensibilityGlobals) = postSolution
		SolutionGuid = {D80625FE-EC46-40AA-824B-3D545C951C3A}
	EndGlobalSection
EndGlobal
